// !$*UTF8*$!
{
	archiveVersion = 1;
	classes = {
	};
	objectVersion = 56;
	objects = {

/* Begin PBXBuildFile section */
		B544560829E8F3EF00A2D678 /* CHT.cpp in Sources */ = {isa = PBXBuildFile; fileRef = B544560729E8F3EF00A2D678 /* CHT.cpp */; };
		B544560A29E8F40700A2D678 /* Mex 구하기.cpp in Sources */ = {isa = PBXBuildFile; fileRef = B544560929E8F40700A2D678 /* Mex 구하기.cpp */; };
		B548A99529E3CAA80070F3F2 /* HLD_heavyLightDecomposition.cpp in Sources */ = {isa = PBXBuildFile; fileRef = B548A99129E3BB920070F3F2 /* HLD_heavyLightDecomposition.cpp */; };
		B5EDA05D29E10BF600DE784D /* 좌표압축과 순열사이클 분할.cpp in Sources */ = {isa = PBXBuildFile; fileRef = B5EDA05C29E10BF600DE784D /* 좌표압축과 순열사이클 분할.cpp */; };
/* End PBXBuildFile section */

/* Begin PBXCopyFilesBuildPhase section */
		B5EDA05029E1062400DE784D /* CopyFiles */ = {
			isa = PBXCopyFilesBuildPhase;
			buildActionMask = 2147483647;
			dstPath = /usr/share/man/man1/;
			dstSubfolderSpec = 0;
			files = (
			);
			runOnlyForDeploymentPostprocessing = 1;
		};
/* End PBXCopyFilesBuildPhase section */

/* Begin PBXFileReference section */
		B544560729E8F3EF00A2D678 /* CHT.cpp */ = {isa = PBXFileReference; lastKnownFileType = sourcecode.cpp.cpp; path = CHT.cpp; sourceTree = "<group>"; };
		B544560929E8F40700A2D678 /* Mex 구하기.cpp */ = {isa = PBXFileReference; lastKnownFileType = sourcecode.cpp.cpp; path = "Mex 구하기.cpp"; sourceTree = "<group>"; };
		B548A99129E3BB920070F3F2 /* HLD_heavyLightDecomposition.cpp */ = {isa = PBXFileReference; lastKnownFileType = sourcecode.cpp.cpp; path = HLD_heavyLightDecomposition.cpp; sourceTree = "<group>"; };
		B5EDA05229E1062400DE784D /* Team_Note */ = {isa = PBXFileReference; explicitFileType = "compiled.mach-o.executable"; includeInIndex = 0; path = Team_Note; sourceTree = BUILT_PRODUCTS_DIR; };
		B5EDA05529E1062400DE784D /* 세그먼트트리.cpp */ = {isa = PBXFileReference; lastKnownFileType = sourcecode.cpp.cpp; path = "세그먼트트리.cpp"; sourceTree = "<group>"; };
		B5EDA05C29E10BF600DE784D /* 좌표압축과 순열사이클 분할.cpp */ = {isa = PBXFileReference; lastKnownFileType = sourcecode.cpp.cpp; path = "좌표압축과 순열사이클 분할.cpp"; sourceTree = "<group>"; };
/* End PBXFileReference section */

/* Begin PBXFrameworksBuildPhase section */
		B5EDA04F29E1062400DE784D /* Frameworks */ = {
			isa = PBXFrameworksBuildPhase;
			buildActionMask = 2147483647;
			files = (
			);
			runOnlyForDeploymentPostprocessing = 0;
		};
/* End PBXFrameworksBuildPhase section */

/* Begin PBXGroup section */
		B5EDA04929E1062400DE784D = {
			isa = PBXGroup;
			children = (
				B5EDA05429E1062400DE784D /* Team_Note */,
				B5EDA05329E1062400DE784D /* Products */,
			);
			sourceTree = "<group>";
		};
		B5EDA05329E1062400DE784D /* Products */ = {
			isa = PBXGroup;
			children = (
				B5EDA05229E1062400DE784D /* Team_Note */,
			);
			name = Products;
			sourceTree = "<group>";
		};
		B5EDA05429E1062400DE784D /* Team_Note */ = {
			isa = PBXGroup;
			children = (
				B5EDA05529E1062400DE784D /* 세그먼트트리.cpp */,
				B5EDA05C29E10BF600DE784D /* 좌표압축과 순열사이클 분할.cpp */,
				B548A99129E3BB920070F3F2 /* HLD_heavyLightDecomposition.cpp */,
				B544560729E8F3EF00A2D678 /* CHT.cpp */,
				B544560929E8F40700A2D678 /* Mex 구하기.cpp */,
			);
			path = Team_Note;
			sourceTree = "<group>";
		};
/* End PBXGroup section */

/* Begin PBXNativeTarget section */
		B5EDA05129E1062400DE784D /* Team_Note */ = {
			isa = PBXNativeTarget;
			buildConfigurationList = B5EDA05929E1062400DE784D /* Build configuration list for PBXNativeTarget "Team_Note" */;
			buildPhases = (
				B5EDA04E29E1062400DE784D /* Sources */,
				B5EDA04F29E1062400DE784D /* Frameworks */,
				B5EDA05029E1062400DE784D /* CopyFiles */,
			);
			buildRules = (
			);
			dependencies = (
			);
			name = Team_Note;
			productName = Team_Note;
			productReference = B5EDA05229E1062400DE784D /* Team_Note */;
			productType = "com.apple.product-type.tool";
		};
/* End PBXNativeTarget section */

/* Begin PBXProject section */
		B5EDA04A29E1062400DE784D /* Project object */ = {
			isa = PBXProject;
			attributes = {
				BuildIndependentTargetsInParallel = 1;
				LastUpgradeCheck = 1430;
				TargetAttributes = {
					B5EDA05129E1062400DE784D = {
						CreatedOnToolsVersion = 14.3;
					};
				};
			};
			buildConfigurationList = B5EDA04D29E1062400DE784D /* Build configuration list for PBXProject "Team_Note" */;
			compatibilityVersion = "Xcode 14.0";
			developmentRegion = en;
			hasScannedForEncodings = 0;
			knownRegions = (
				en,
				Base,
			);
			mainGroup = B5EDA04929E1062400DE784D;
			productRefGroup = B5EDA05329E1062400DE784D /* Products */;
			projectDirPath = "";
			projectRoot = "";
			targets = (
				B5EDA05129E1062400DE784D /* Team_Note */,
			);
		};
/* End PBXProject section */

/* Begin PBXSourcesBuildPhase section */
		B5EDA04E29E1062400DE784D /* Sources */ = {
			isa = PBXSourcesBuildPhase;
			buildActionMask = 2147483647;
			files = (
				B544560829E8F3EF00A2D678 /* CHT.cpp in Sources */,
				B5EDA05D29E10BF600DE784D /* 좌표압축과 순열사이클 분할.cpp in Sources */,
				B548A99529E3CAA80070F3F2 /* HLD_heavyLightDecomposition.cpp in Sources */,
				B544560A29E8F40700A2D678 /* Mex 구하기.cpp in Sources */,
			);
			runOnlyForDeploymentPostprocessing = 0;
		};
/* End PBXSourcesBuildPhase section */

/* Begin XCBuildConfiguration section */
		B5EDA05729E1062400DE784D /* Debug */ = {
			isa = XCBuildConfiguration;
			buildSettings = {
				ALWAYS_SEARCH_USER_PATHS = NO;
				CLANG_ANALYZER_NONNULL = YES;
				CLANG_ANALYZER_NUMBER_OBJECT_CONVERSION = YES_AGGRESSIVE;
				CLANG_CXX_LANGUAGE_STANDARD = "gnu++20";
				CLANG_ENABLE_MODULES = YES;
				CLANG_ENABLE_OBJC_ARC = YES;
				CLANG_ENABLE_OBJC_WEAK = YES;
				CLANG_WARN_BLOCK_CAPTURE_AUTORELEASING = YES;
				CLANG_WARN_BOOL_CONVERSION = YES;
				CLANG_WARN_COMMA = YES;
				CLANG_WARN_CONSTANT_CONVERSION = YES;
				CLANG_WARN_DEPRECATED_OBJC_IMPLEMENTATIONS = YES;
				CLANG_WARN_DIRECT_OBJC_ISA_USAGE = YES_ERROR;
				CLANG_WARN_DOCUMENTATION_COMMENTS = YES;
				CLANG_WARN_EMPTY_BODY = YES;
				CLANG_WARN_ENUM_CONVERSION = YES;
				CLANG_WARN_INFINITE_RECURSION = YES;
				CLANG_WARN_INT_CONVERSION = YES;
				CLANG_WARN_NON_LITERAL_NULL_CONVERSION = YES;
				CLANG_WARN_OBJC_IMPLICIT_RETAIN_SELF = YES;
				CLANG_WARN_OBJC_LITERAL_CONVERSION = YES;
				CLANG_WARN_OBJC_ROOT_CLASS = YES_ERROR;
				CLANG_WARN_QUOTED_INCLUDE_IN_FRAMEWORK_HEADER = YES;
				CLANG_WARN_RANGE_LOOP_ANALYSIS = YES;
				CLANG_WARN_STRICT_PROTOTYPES = YES;
				CLANG_WARN_SUSPICIOUS_MOVE = YES;
				CLANG_WARN_UNGUARDED_AVAILABILITY = YES_AGGRESSIVE;
				CLANG_WARN_UNREACHABLE_CODE = YES;
				CLANG_WARN__DUPLICATE_METHOD_MATCH = YES;
				COPY_PHASE_STRIP = NO;
				DEBUG_INFORMATION_FORMAT = dwarf;
				ENABLE_STRICT_OBJC_MSGSEND = YES;
				ENABLE_TESTABILITY = YES;
				GCC_C_LANGUAGE_STANDARD = gnu11;
				GCC_DYNAMIC_NO_PIC = NO;
				GCC_NO_COMMON_BLOCKS = YES;
				GCC_OPTIMIZATION_LEVEL = 0;
				GCC_PREPROCESSOR_DEFINITIONS = (
					"DEBUG=1",
					"$(inherited)",
				);
				GCC_WARN_64_TO_32_BIT_CONVERSION = YES;
				GCC_WARN_ABOUT_RETURN_TYPE = YES_ERROR;
				GCC_WARN_UNDECLARED_SELECTOR = YES;
				GCC_WARN_UNINITIALIZED_AUTOS = YES_AGGRESSIVE;
				GCC_WARN_UNUSED_FUNCTION = YES;
				GCC_WARN_UNUSED_VARIABLE = YES;
				MACOSX_DEPLOYMENT_TARGET = 13.3;
				MTL_ENABLE_DEBUG_INFO = INCLUDE_SOURCE;
				MTL_FAST_MATH = YES;
				ONLY_ACTIVE_ARCH = YES;
				SDKROOT = macosx;
			};
			name = Debug;
		};
		B5EDA05829E1062400DE784D /* Release */ = {
			isa = XCBuildConfiguration;
			buildSettings = {
				ALWAYS_SEARCH_USER_PATHS = NO;
				CLANG_ANALYZER_NONNULL = YES;
				CLANG_ANALYZER_NUMBER_OBJECT_CONVERSION = YES_AGGRESSIVE;
				CLANG_CXX_LANGUAGE_STANDARD = "gnu++20";
				CLANG_ENABLE_MODULES = YES;
				CLANG_ENABLE_OBJC_ARC = YES;
				CLANG_ENABLE_OBJC_WEAK = YES;
				CLANG_WARN_BLOCK_CAPTURE_AUTORELEASING = YES;
				CLANG_WARN_BOOL_CONVERSION = YES;
				CLANG_WARN_COMMA = YES;
				CLANG_WARN_CONSTANT_CONVERSION = YES;
				CLANG_WARN_DEPRECATED_OBJC_IMPLEMENTATIONS = YES;
				CLANG_WARN_DIRECT_OBJC_ISA_USAGE = YES_ERROR;
				CLANG_WARN_DOCUMENTATION_COMMENTS = YES;
				CLANG_WARN_EMPTY_BODY = YES;
				CLANG_WARN_ENUM_CONVERSION = YES;
				CLANG_WARN_INFINITE_RECURSION = YES;
				CLANG_WARN_INT_CONVERSION = YES;
				CLANG_WARN_NON_LITERAL_NULL_CONVERSION = YES;
				CLANG_WARN_OBJC_IMPLICIT_RETAIN_SELF = YES;
				CLANG_WARN_OBJC_LITERAL_CONVERSION = YES;
				CLANG_WARN_OBJC_ROOT_CLASS = YES_ERROR;
				CLANG_WARN_QUOTED_INCLUDE_IN_FRAMEWORK_HEADER = YES;
				CLANG_WARN_RANGE_LOOP_ANALYSIS = YES;
				CLANG_WARN_STRICT_PROTOTYPES = YES;
				CLANG_WARN_SUSPICIOUS_MOVE = YES;
				CLANG_WARN_UNGUARDED_AVAILABILITY = YES_AGGRESSIVE;
				CLANG_WARN_UNREACHABLE_CODE = YES;
				CLANG_WARN__DUPLICATE_METHOD_MATCH = YES;
				COPY_PHASE_STRIP = NO;
				DEBUG_INFORMATION_FORMAT = "dwarf-with-dsym";
				ENABLE_NS_ASSERTIONS = NO;
				ENABLE_STRICT_OBJC_MSGSEND = YES;
				GCC_C_LANGUAGE_STANDARD = gnu11;
				GCC_NO_COMMON_BLOCKS = YES;
				GCC_WARN_64_TO_32_BIT_CONVERSION = YES;
				GCC_WARN_ABOUT_RETURN_TYPE = YES_ERROR;
				GCC_WARN_UNDECLARED_SELECTOR = YES;
				GCC_WARN_UNINITIALIZED_AUTOS = YES_AGGRESSIVE;
				GCC_WARN_UNUSED_FUNCTION = YES;
				GCC_WARN_UNUSED_VARIABLE = YES;
				MACOSX_DEPLOYMENT_TARGET = 13.3;
				MTL_ENABLE_DEBUG_INFO = NO;
				MTL_FAST_MATH = YES;
				SDKROOT = macosx;
			};
			name = Release;
		};
		B5EDA05A29E1062400DE784D /* Debug */ = {
			isa = XCBuildConfiguration;
			buildSettings = {
				CODE_SIGN_STYLE = Automatic;
				DEVELOPMENT_TEAM = 34BMCUG5QL;
				ENABLE_HARDENED_RUNTIME = YES;
				PRODUCT_NAME = "$(TARGET_NAME)";
			};
			name = Debug;
		};
		B5EDA05B29E1062400DE784D /* Release */ = {
			isa = XCBuildConfiguration;
			buildSettings = {
				CODE_SIGN_STYLE = Automatic;
				DEVELOPMENT_TEAM = 34BMCUG5QL;
				ENABLE_HARDENED_RUNTIME = YES;
				PRODUCT_NAME = "$(TARGET_NAME)";
			};
			name = Release;
		};
/* End XCBuildConfiguration section */

/* Begin XCConfigurationList section */
		B5EDA04D29E1062400DE784D /* Build configuration list for PBXProject "Team_Note" */ = {
			isa = XCConfigurationList;
			buildConfigurations = (
				B5EDA05729E1062400DE784D /* Debug */,
				B5EDA05829E1062400DE784D /* Release */,
			);
			defaultConfigurationIsVisible = 0;
			defaultConfigurationName = Release;
		};
		B5EDA05929E1062400DE784D /* Build configuration list for PBXNativeTarget "Team_Note" */ = {
			isa = XCConfigurationList;
			buildConfigurations = (
				B5EDA05A29E1062400DE784D /* Debug */,
				B5EDA05B29E1062400DE784D /* Release */,
			);
			defaultConfigurationIsVisible = 0;
			defaultConfigurationName = Release;
		};
/* End XCConfigurationList section */
	};
	rootObject = B5EDA04A29E1062400DE784D /* Project object */;
}
